// !$*UTF8*$!
{
	archiveVersion = 1;
	classes = {
	};
	objectVersion = 50;
	objects = {

/* Begin PBXBuildFile section */
		5A86C36C24615CFB007CBD28 /* EditorSettingBar.m in Sources */ = {isa = PBXBuildFile; fileRef = 5A86C36B24615CFB007CBD28 /* EditorSettingBar.m */; };
		5A96AB35245A75850057AD3F /* EditorStyleToolBar.m in Sources */ = {isa = PBXBuildFile; fileRef = 5A96AB34245A75850057AD3F /* EditorStyleToolBar.m */; };
		5AA68A132459082F0049BCBE /* ZSSRichTextEditor.js in Resources */ = {isa = PBXBuildFile; fileRef = 5AA689C02459082F0049BCBE /* ZSSRichTextEditor.js */; };
		5AA68A142459082F0049BCBE /* KWEditorBar.xib in Resources */ = {isa = PBXBuildFile; fileRef = 5AA689C52459082F0049BCBE /* KWEditorBar.xib */; };
		5AA68A152459082F0049BCBE /* KWFontStyleBar.m in Sources */ = {isa = PBXBuildFile; fileRef = 5AA689C62459082F0049BCBE /* KWFontStyleBar.m */; };
		5AA68A162459082F0049BCBE /* KWEditorBar.m in Sources */ = {isa = PBXBuildFile; fileRef = 5AA689C72459082F0049BCBE /* KWEditorBar.m */; };
		5AA68A172459082F0049BCBE /* editor.html in Resources */ = {isa = PBXBuildFile; fileRef = 5AA689C82459082F0049BCBE /* editor.html */; };
		5AA68A182459082F0049BCBE /* Aashover@2x.png in Resources */ = {isa = PBXBuildFile; fileRef = 5AA689CA2459082F0049BCBE /* Aashover@2x.png */; };
		5AA68A192459082F0049BCBE /* Aalhover@2x.png in Resources */ = {isa = PBXBuildFile; fileRef = 5AA689CB2459082F0049BCBE /* Aalhover@2x.png */; };
		5AA68A1A2459082F0049BCBE /* wuxuliebiao@2x.png in Resources */ = {isa = PBXBuildFile; fileRef = 5AA689CC2459082F0049BCBE /* wuxuliebiao@2x.png */; };
		5AA68A1B2459082F0049BCBE /* ziti_hover@2x.png in Resources */ = {isa = PBXBuildFile; fileRef = 5AA689CD2459082F0049BCBE /* ziti_hover@2x.png */; };
		5AA68A1C2459082F0049BCBE /* lianjie@3x.png in Resources */ = {isa = PBXBuildFile; fileRef = 5AA689CE2459082F0049BCBE /* lianjie@3x.png */; };
		5AA68A1D2459082F0049BCBE /* Aam@2x.png in Resources */ = {isa = PBXBuildFile; fileRef = 5AA689CF2459082F0049BCBE /* Aam@2x.png */; };
		5AA68A1E2459082F0049BCBE /* jianpanxia@3x.png in Resources */ = {isa = PBXBuildFile; fileRef = 5AA689D02459082F0049BCBE /* jianpanxia@3x.png */; };
		5AA68A1F2459082F0049BCBE /* zhong@3x.png in Resources */ = {isa = PBXBuildFile; fileRef = 5AA689D12459082F0049BCBE /* zhong@3x.png */; };
		5AA68A202459082F0049BCBE /* I@2x.png in Resources */ = {isa = PBXBuildFile; fileRef = 5AA689D22459082F0049BCBE /* I@2x.png */; };
		5AA68A212459082F0049BCBE /* I@3x.png in Resources */ = {isa = PBXBuildFile; fileRef = 5AA689D32459082F0049BCBE /* I@3x.png */; };
		5AA68A222459082F0049BCBE /* zhong@2x.png in Resources */ = {isa = PBXBuildFile; fileRef = 5AA689D42459082F0049BCBE /* zhong@2x.png */; };
		5AA68A232459082F0049BCBE /* Aam@3x.png in Resources */ = {isa = PBXBuildFile; fileRef = 5AA689D52459082F0049BCBE /* Aam@3x.png */; };
		5AA68A242459082F0049BCBE /* jianpanxia@2x.png in Resources */ = {isa = PBXBuildFile; fileRef = 5AA689D62459082F0049BCBE /* jianpanxia@2x.png */; };
		5AA68A252459082F0049BCBE /* lianjie@2x.png in Resources */ = {isa = PBXBuildFile; fileRef = 5AA689D72459082F0049BCBE /* lianjie@2x.png */; };
		5AA68A262459082F0049BCBE /* ziti_hover@3x.png in Resources */ = {isa = PBXBuildFile; fileRef = 5AA689D82459082F0049BCBE /* ziti_hover@3x.png */; };
		5AA68A272459082F0049BCBE /* wuxuliebiao@3x.png in Resources */ = {isa = PBXBuildFile; fileRef = 5AA689D92459082F0049BCBE /* wuxuliebiao@3x.png */; };
		5AA68A282459082F0049BCBE /* Aalhover@3x.png in Resources */ = {isa = PBXBuildFile; fileRef = 5AA689DA2459082F0049BCBE /* Aalhover@3x.png */; };
		5AA68A292459082F0049BCBE /* u@3x.png in Resources */ = {isa = PBXBuildFile; fileRef = 5AA689DB2459082F0049BCBE /* u@3x.png */; };
		5AA68A2A2459082F0049BCBE /* chongzuo@2x.png in Resources */ = {isa = PBXBuildFile; fileRef = 5AA689DC2459082F0049BCBE /* chongzuo@2x.png */; };
		5AA68A2B2459082F0049BCBE /* suojin@3x.png in Resources */ = {isa = PBXBuildFile; fileRef = 5AA689DD2459082F0049BCBE /* suojin@3x.png */; };
		5AA68A2C2459082F0049BCBE /* Aas@2x.png in Resources */ = {isa = PBXBuildFile; fileRef = 5AA689DE2459082F0049BCBE /* Aas@2x.png */; };
		5AA68A2D2459082F0049BCBE /* BHOVER@3x.png in Resources */ = {isa = PBXBuildFile; fileRef = 5AA689DF2459082F0049BCBE /* BHOVER@3x.png */; };
		5AA68A2E2459082F0049BCBE /* tupian@3x.png in Resources */ = {isa = PBXBuildFile; fileRef = 5AA689E02459082F0049BCBE /* tupian@3x.png */; };
		5AA68A2F2459082F0049BCBE /* tool_tab@3x.png in Resources */ = {isa = PBXBuildFile; fileRef = 5AA689E12459082F0049BCBE /* tool_tab@3x.png */; };
		5AA68A302459082F0049BCBE /* tool_tab@2x.png in Resources */ = {isa = PBXBuildFile; fileRef = 5AA689E22459082F0049BCBE /* tool_tab@2x.png */; };
		5AA68A312459082F0049BCBE /* tupian@2x.png in Resources */ = {isa = PBXBuildFile; fileRef = 5AA689E32459082F0049BCBE /* tupian@2x.png */; };
		5AA68A322459082F0049BCBE /* BHOVER@2x.png in Resources */ = {isa = PBXBuildFile; fileRef = 5AA689E42459082F0049BCBE /* BHOVER@2x.png */; };
		5AA68A332459082F0049BCBE /* Aas@3x.png in Resources */ = {isa = PBXBuildFile; fileRef = 5AA689E52459082F0049BCBE /* Aas@3x.png */; };
		5AA68A342459082F0049BCBE /* suojin@2x.png in Resources */ = {isa = PBXBuildFile; fileRef = 5AA689E62459082F0049BCBE /* suojin@2x.png */; };
		5AA68A352459082F0049BCBE /* chongzuo@3x.png in Resources */ = {isa = PBXBuildFile; fileRef = 5AA689E72459082F0049BCBE /* chongzuo@3x.png */; };
		5AA68A362459082F0049BCBE /* u@2x.png in Resources */ = {isa = PBXBuildFile; fileRef = 5AA689E82459082F0049BCBE /* u@2x.png */; };
		5AA68A372459082F0049BCBE /* Aal@2x.png in Resources */ = {isa = PBXBuildFile; fileRef = 5AA689E92459082F0049BCBE /* Aal@2x.png */; };
		5AA68A382459082F0049BCBE /* Aamhover@3x.png in Resources */ = {isa = PBXBuildFile; fileRef = 5AA689EA2459082F0049BCBE /* Aamhover@3x.png */; };
		5AA68A392459082F0049BCBE /* excsuojin@2x.png in Resources */ = {isa = PBXBuildFile; fileRef = 5AA689EB2459082F0049BCBE /* excsuojin@2x.png */; };
		5AA68A3A2459082F0049BCBE /* jianpanshang@3x.png in Resources */ = {isa = PBXBuildFile; fileRef = 5AA689EC2459082F0049BCBE /* jianpanshang@3x.png */; };
		5AA68A3B2459082F0049BCBE /* icon_right@2x.png in Resources */ = {isa = PBXBuildFile; fileRef = 5AA689ED2459082F0049BCBE /* icon_right@2x.png */; };
		5AA68A3C2459082F0049BCBE /* icon_left@2x.png in Resources */ = {isa = PBXBuildFile; fileRef = 5AA689EE2459082F0049BCBE /* icon_left@2x.png */; };
		5AA68A3D2459082F0049BCBE /* chexiao@2x.png in Resources */ = {isa = PBXBuildFile; fileRef = 5AA689EF2459082F0049BCBE /* chexiao@2x.png */; };
		5AA68A3E2459082F0049BCBE /* IHOVER@3x.png in Resources */ = {isa = PBXBuildFile; fileRef = 5AA689F02459082F0049BCBE /* IHOVER@3x.png */; };
		5AA68A3F2459082F0049BCBE /* IHOVER@2x.png in Resources */ = {isa = PBXBuildFile; fileRef = 5AA689F12459082F0049BCBE /* IHOVER@2x.png */; };
		5AA68A402459082F0049BCBE /* chexiao@3x.png in Resources */ = {isa = PBXBuildFile; fileRef = 5AA689F22459082F0049BCBE /* chexiao@3x.png */; };
		5AA68A412459082F0049BCBE /* Aashover @3x.png in Resources */ = {isa = PBXBuildFile; fileRef = 5AA689F32459082F0049BCBE /* Aashover @3x.png */; };
		5AA68A422459082F0049BCBE /* icon_left@3x.png in Resources */ = {isa = PBXBuildFile; fileRef = 5AA689F42459082F0049BCBE /* icon_left@3x.png */; };
		5AA68A432459082F0049BCBE /* icon_right@3x.png in Resources */ = {isa = PBXBuildFile; fileRef = 5AA689F52459082F0049BCBE /* icon_right@3x.png */; };
		5AA68A442459082F0049BCBE /* jianpanshang@2x.png in Resources */ = {isa = PBXBuildFile; fileRef = 5AA689F62459082F0049BCBE /* jianpanshang@2x.png */; };
		5AA68A452459082F0049BCBE /* excsuojin@3x.png in Resources */ = {isa = PBXBuildFile; fileRef = 5AA689F72459082F0049BCBE /* excsuojin@3x.png */; };
		5AA68A462459082F0049BCBE /* Aamhover@2x.png in Resources */ = {isa = PBXBuildFile; fileRef = 5AA689F82459082F0049BCBE /* Aamhover@2x.png */; };
		5AA68A472459082F0049BCBE /* Aal@3x.png in Resources */ = {isa = PBXBuildFile; fileRef = 5AA689F92459082F0049BCBE /* Aal@3x.png */; };
		5AA68A482459082F0049BCBE /* ziti@3x.png in Resources */ = {isa = PBXBuildFile; fileRef = 5AA689FA2459082F0049BCBE /* ziti@3x.png */; };
		5AA68A492459082F0049BCBE /* you@2x.png in Resources */ = {isa = PBXBuildFile; fileRef = 5AA689FB2459082F0049BCBE /* you@2x.png */; };
		5AA68A4A2459082F0049BCBE /* zuo@3x.png in Resources */ = {isa = PBXBuildFile; fileRef = 5AA689FC2459082F0049BCBE /* zuo@3x.png */; };
		5AA68A4B2459082F0049BCBE /* uHOVER@2x.png in Resources */ = {isa = PBXBuildFile; fileRef = 5AA689FD2459082F0049BCBE /* uHOVER@2x.png */; };
		5AA68A4C2459082F0049BCBE /* B@2x.png in Resources */ = {isa = PBXBuildFile; fileRef = 5AA689FE2459082F0049BCBE /* B@2x.png */; };
		5AA68A4D2459082F0049BCBE /* wuxuliebiaohover@3x.png in Resources */ = {isa = PBXBuildFile; fileRef = 5AA689FF2459082F0049BCBE /* wuxuliebiaohover@3x.png */; };
		5AA68A4E2459082F0049BCBE /* wuxuliebiaohover@2x.png in Resources */ = {isa = PBXBuildFile; fileRef = 5AA68A002459082F0049BCBE /* wuxuliebiaohover@2x.png */; };
		5AA68A4F2459082F0049BCBE /* B@3x.png in Resources */ = {isa = PBXBuildFile; fileRef = 5AA68A012459082F0049BCBE /* B@3x.png */; };
		5AA68A502459082F0049BCBE /* cellRightArrow.png in Resources */ = {isa = PBXBuildFile; fileRef = 5AA68A022459082F0049BCBE /* cellRightArrow.png */; };
		5AA68A512459082F0049BCBE /* uHOVER@3x.png in Resources */ = {isa = PBXBuildFile; fileRef = 5AA68A032459082F0049BCBE /* uHOVER@3x.png */; };
		5AA68A522459082F0049BCBE /* zuo@2x.png in Resources */ = {isa = PBXBuildFile; fileRef = 5AA68A042459082F0049BCBE /* zuo@2x.png */; };
		5AA68A532459082F0049BCBE /* you@3x.png in Resources */ = {isa = PBXBuildFile; fileRef = 5AA68A052459082F0049BCBE /* you@3x.png */; };
		5AA68A542459082F0049BCBE /* ziti@2x.png in Resources */ = {isa = PBXBuildFile; fileRef = 5AA68A062459082F0049BCBE /* ziti@2x.png */; };
		5AA68A552459082F0049BCBE /* ZSSRichTextEditor.m in Sources */ = {isa = PBXBuildFile; fileRef = 5AA68A072459082F0049BCBE /* ZSSRichTextEditor.m */; };
		5AA68A562459082F0049BCBE /* WKWebView+HackishAccessoryHiding.m in Sources */ = {isa = PBXBuildFile; fileRef = 5AA68A0B2459082F0049BCBE /* WKWebView+HackishAccessoryHiding.m */; };
		5AA68A572459082F0049BCBE /* NSString+VJUUID.m in Sources */ = {isa = PBXBuildFile; fileRef = 5AA68A0C2459082F0049BCBE /* NSString+VJUUID.m */; };
		5AA68A582459082F0049BCBE /* WKWebView+VJJSTool.m in Sources */ = {isa = PBXBuildFile; fileRef = 5AA68A0D2459082F0049BCBE /* WKWebView+VJJSTool.m */; };
		5AA68A592459082F0049BCBE /* UIControl+KWButtonExtension.m in Sources */ = {isa = PBXBuildFile; fileRef = 5AA68A0E2459082F0049BCBE /* UIControl+KWButtonExtension.m */; };
		5AA68A5A2459082F0049BCBE /* JSBeautifier.js in Resources */ = {isa = PBXBuildFile; fileRef = 5AA68A112459082F0049BCBE /* JSBeautifier.js */; };
		5AA68A5B2459082F0049BCBE /* jQuery.js in Resources */ = {isa = PBXBuildFile; fileRef = 5AA68A122459082F0049BCBE /* jQuery.js */; };
		5AB250662457DC5B00070EA7 /* AppDelegate.swift in Sources */ = {isa = PBXBuildFile; fileRef = 5AB250652457DC5B00070EA7 /* AppDelegate.swift */; };
		5AB250682457DC5B00070EA7 /* SceneDelegate.swift in Sources */ = {isa = PBXBuildFile; fileRef = 5AB250672457DC5B00070EA7 /* SceneDelegate.swift */; };
		5AB2506A2457DC5B00070EA7 /* ViewController.swift in Sources */ = {isa = PBXBuildFile; fileRef = 5AB250692457DC5B00070EA7 /* ViewController.swift */; };
		5AB2506D2457DC5B00070EA7 /* Main.storyboard in Resources */ = {isa = PBXBuildFile; fileRef = 5AB2506B2457DC5B00070EA7 /* Main.storyboard */; };
		5AB2506F2457DC5C00070EA7 /* Assets.xcassets in Resources */ = {isa = PBXBuildFile; fileRef = 5AB2506E2457DC5C00070EA7 /* Assets.xcassets */; };
		5AB250722457DC5C00070EA7 /* LaunchScreen.storyboard in Resources */ = {isa = PBXBuildFile; fileRef = 5AB250702457DC5C00070EA7 /* LaunchScreen.storyboard */; };
		5AEE11062468D896009BEEA5 /* RichEditorView.swift in Sources */ = {isa = PBXBuildFile; fileRef = 5AEE11052468D896009BEEA5 /* RichEditorView.swift */; };
		5AEE11092468D97C009BEEA5 /* WKWebView+AccessoryHiding.m in Sources */ = {isa = PBXBuildFile; fileRef = 5AEE11082468D97C009BEEA5 /* WKWebView+AccessoryHiding.m */; };
/* End PBXBuildFile section */

/* Begin PBXFileReference section */
		5A86C36A24615CFB007CBD28 /* EditorSettingBar.h */ = {isa = PBXFileReference; lastKnownFileType = sourcecode.c.h; path = EditorSettingBar.h; sourceTree = "<group>"; };
		5A86C36B24615CFB007CBD28 /* EditorSettingBar.m */ = {isa = PBXFileReference; lastKnownFileType = sourcecode.c.objc; path = EditorSettingBar.m; sourceTree = "<group>"; };
		5A96AB33245A75850057AD3F /* EditorStyleToolBar.h */ = {isa = PBXFileReference; lastKnownFileType = sourcecode.c.h; path = EditorStyleToolBar.h; sourceTree = "<group>"; };
		5A96AB34245A75850057AD3F /* EditorStyleToolBar.m */ = {isa = PBXFileReference; lastKnownFileType = sourcecode.c.objc; path = EditorStyleToolBar.m; sourceTree = "<group>"; };
		5AA689C02459082F0049BCBE /* ZSSRichTextEditor.js */ = {isa = PBXFileReference; fileEncoding = 4; lastKnownFileType = sourcecode.javascript; path = ZSSRichTextEditor.js; sourceTree = "<group>"; };
		5AA689C12459082F0049BCBE /* ZSSRichTextEditor.h */ = {isa = PBXFileReference; fileEncoding = 4; lastKnownFileType = sourcecode.c.h; path = ZSSRichTextEditor.h; sourceTree = "<group>"; };
		5AA689C32459082F0049BCBE /* KWFontStyleBar.h */ = {isa = PBXFileReference; fileEncoding = 4; lastKnownFileType = sourcecode.c.h; path = KWFontStyleBar.h; sourceTree = "<group>"; };
		5AA689C42459082F0049BCBE /* KWEditorBar.h */ = {isa = PBXFileReference; fileEncoding = 4; lastKnownFileType = sourcecode.c.h; path = KWEditorBar.h; sourceTree = "<group>"; };
		5AA689C52459082F0049BCBE /* KWEditorBar.xib */ = {isa = PBXFileReference; fileEncoding = 4; lastKnownFileType = file.xib; path = KWEditorBar.xib; sourceTree = "<group>"; };
		5AA689C62459082F0049BCBE /* KWFontStyleBar.m */ = {isa = PBXFileReference; fileEncoding = 4; lastKnownFileType = sourcecode.c.objc; path = KWFontStyleBar.m; sourceTree = "<group>"; };
		5AA689C72459082F0049BCBE /* KWEditorBar.m */ = {isa = PBXFileReference; fileEncoding = 4; lastKnownFileType = sourcecode.c.objc; path = KWEditorBar.m; sourceTree = "<group>"; };
		5AA689C82459082F0049BCBE /* editor.html */ = {isa = PBXFileReference; fileEncoding = 4; lastKnownFileType = text.html; path = editor.html; sourceTree = "<group>"; };
		5AA689CA2459082F0049BCBE /* Aashover@2x.png */ = {isa = PBXFileReference; lastKnownFileType = image.png; path = "Aashover@2x.png"; sourceTree = "<group>"; };
		5AA689CB2459082F0049BCBE /* Aalhover@2x.png */ = {isa = PBXFileReference; lastKnownFileType = image.png; path = "Aalhover@2x.png"; sourceTree = "<group>"; };
		5AA689CC2459082F0049BCBE /* wuxuliebiao@2x.png */ = {isa = PBXFileReference; lastKnownFileType = image.png; path = "wuxuliebiao@2x.png"; sourceTree = "<group>"; };
		5AA689CD2459082F0049BCBE /* ziti_hover@2x.png */ = {isa = PBXFileReference; lastKnownFileType = image.png; path = "ziti_hover@2x.png"; sourceTree = "<group>"; };
		5AA689CE2459082F0049BCBE /* lianjie@3x.png */ = {isa = PBXFileReference; lastKnownFileType = image.png; path = "lianjie@3x.png"; sourceTree = "<group>"; };
		5AA689CF2459082F0049BCBE /* Aam@2x.png */ = {isa = PBXFileReference; lastKnownFileType = image.png; path = "Aam@2x.png"; sourceTree = "<group>"; };
		5AA689D02459082F0049BCBE /* jianpanxia@3x.png */ = {isa = PBXFileReference; lastKnownFileType = image.png; path = "jianpanxia@3x.png"; sourceTree = "<group>"; };
		5AA689D12459082F0049BCBE /* zhong@3x.png */ = {isa = PBXFileReference; lastKnownFileType = image.png; path = "zhong@3x.png"; sourceTree = "<group>"; };
		5AA689D22459082F0049BCBE /* I@2x.png */ = {isa = PBXFileReference; lastKnownFileType = image.png; path = "I@2x.png"; sourceTree = "<group>"; };
		5AA689D32459082F0049BCBE /* I@3x.png */ = {isa = PBXFileReference; lastKnownFileType = image.png; path = "I@3x.png"; sourceTree = "<group>"; };
		5AA689D42459082F0049BCBE /* zhong@2x.png */ = {isa = PBXFileReference; lastKnownFileType = image.png; path = "zhong@2x.png"; sourceTree = "<group>"; };
		5AA689D52459082F0049BCBE /* Aam@3x.png */ = {isa = PBXFileReference; lastKnownFileType = image.png; path = "Aam@3x.png"; sourceTree = "<group>"; };
		5AA689D62459082F0049BCBE /* jianpanxia@2x.png */ = {isa = PBXFileReference; lastKnownFileType = image.png; path = "jianpanxia@2x.png"; sourceTree = "<group>"; };
		5AA689D72459082F0049BCBE /* lianjie@2x.png */ = {isa = PBXFileReference; lastKnownFileType = image.png; path = "lianjie@2x.png"; sourceTree = "<group>"; };
		5AA689D82459082F0049BCBE /* ziti_hover@3x.png */ = {isa = PBXFileReference; lastKnownFileType = image.png; path = "ziti_hover@3x.png"; sourceTree = "<group>"; };
		5AA689D92459082F0049BCBE /* wuxuliebiao@3x.png */ = {isa = PBXFileReference; lastKnownFileType = image.png; path = "wuxuliebiao@3x.png"; sourceTree = "<group>"; };
		5AA689DA2459082F0049BCBE /* Aalhover@3x.png */ = {isa = PBXFileReference; lastKnownFileType = image.png; path = "Aalhover@3x.png"; sourceTree = "<group>"; };
		5AA689DB2459082F0049BCBE /* u@3x.png */ = {isa = PBXFileReference; lastKnownFileType = image.png; path = "u@3x.png"; sourceTree = "<group>"; };
		5AA689DC2459082F0049BCBE /* chongzuo@2x.png */ = {isa = PBXFileReference; lastKnownFileType = image.png; path = "chongzuo@2x.png"; sourceTree = "<group>"; };
		5AA689DD2459082F0049BCBE /* suojin@3x.png */ = {isa = PBXFileReference; lastKnownFileType = image.png; path = "suojin@3x.png"; sourceTree = "<group>"; };
		5AA689DE2459082F0049BCBE /* Aas@2x.png */ = {isa = PBXFileReference; lastKnownFileType = image.png; path = "Aas@2x.png"; sourceTree = "<group>"; };
		5AA689DF2459082F0049BCBE /* BHOVER@3x.png */ = {isa = PBXFileReference; lastKnownFileType = image.png; path = "BHOVER@3x.png"; sourceTree = "<group>"; };
		5AA689E02459082F0049BCBE /* tupian@3x.png */ = {isa = PBXFileReference; lastKnownFileType = image.png; path = "tupian@3x.png"; sourceTree = "<group>"; };
		5AA689E12459082F0049BCBE /* tool_tab@3x.png */ = {isa = PBXFileReference; lastKnownFileType = image.png; path = "tool_tab@3x.png"; sourceTree = "<group>"; };
		5AA689E22459082F0049BCBE /* tool_tab@2x.png */ = {isa = PBXFileReference; lastKnownFileType = image.png; path = "tool_tab@2x.png"; sourceTree = "<group>"; };
		5AA689E32459082F0049BCBE /* tupian@2x.png */ = {isa = PBXFileReference; lastKnownFileType = image.png; path = "tupian@2x.png"; sourceTree = "<group>"; };
		5AA689E42459082F0049BCBE /* BHOVER@2x.png */ = {isa = PBXFileReference; lastKnownFileType = image.png; path = "BHOVER@2x.png"; sourceTree = "<group>"; };
		5AA689E52459082F0049BCBE /* Aas@3x.png */ = {isa = PBXFileReference; lastKnownFileType = image.png; path = "Aas@3x.png"; sourceTree = "<group>"; };
		5AA689E62459082F0049BCBE /* suojin@2x.png */ = {isa = PBXFileReference; lastKnownFileType = image.png; path = "suojin@2x.png"; sourceTree = "<group>"; };
		5AA689E72459082F0049BCBE /* chongzuo@3x.png */ = {isa = PBXFileReference; lastKnownFileType = image.png; path = "chongzuo@3x.png"; sourceTree = "<group>"; };
		5AA689E82459082F0049BCBE /* u@2x.png */ = {isa = PBXFileReference; lastKnownFileType = image.png; path = "u@2x.png"; sourceTree = "<group>"; };
		5AA689E92459082F0049BCBE /* Aal@2x.png */ = {isa = PBXFileReference; lastKnownFileType = image.png; path = "Aal@2x.png"; sourceTree = "<group>"; };
		5AA689EA2459082F0049BCBE /* Aamhover@3x.png */ = {isa = PBXFileReference; lastKnownFileType = image.png; path = "Aamhover@3x.png"; sourceTree = "<group>"; };
		5AA689EB2459082F0049BCBE /* excsuojin@2x.png */ = {isa = PBXFileReference; lastKnownFileType = image.png; path = "excsuojin@2x.png"; sourceTree = "<group>"; };
		5AA689EC2459082F0049BCBE /* jianpanshang@3x.png */ = {isa = PBXFileReference; lastKnownFileType = image.png; path = "jianpanshang@3x.png"; sourceTree = "<group>"; };
		5AA689ED2459082F0049BCBE /* icon_right@2x.png */ = {isa = PBXFileReference; lastKnownFileType = image.png; path = "icon_right@2x.png"; sourceTree = "<group>"; };
		5AA689EE2459082F0049BCBE /* icon_left@2x.png */ = {isa = PBXFileReference; lastKnownFileType = image.png; path = "icon_left@2x.png"; sourceTree = "<group>"; };
		5AA689EF2459082F0049BCBE /* chexiao@2x.png */ = {isa = PBXFileReference; lastKnownFileType = image.png; path = "chexiao@2x.png"; sourceTree = "<group>"; };
		5AA689F02459082F0049BCBE /* IHOVER@3x.png */ = {isa = PBXFileReference; lastKnownFileType = image.png; path = "IHOVER@3x.png"; sourceTree = "<group>"; };
		5AA689F12459082F0049BCBE /* IHOVER@2x.png */ = {isa = PBXFileReference; lastKnownFileType = image.png; path = "IHOVER@2x.png"; sourceTree = "<group>"; };
		5AA689F22459082F0049BCBE /* chexiao@3x.png */ = {isa = PBXFileReference; lastKnownFileType = image.png; path = "chexiao@3x.png"; sourceTree = "<group>"; };
		5AA689F32459082F0049BCBE /* Aashover @3x.png */ = {isa = PBXFileReference; lastKnownFileType = image.png; path = "Aashover @3x.png"; sourceTree = "<group>"; };
		5AA689F42459082F0049BCBE /* icon_left@3x.png */ = {isa = PBXFileReference; lastKnownFileType = image.png; path = "icon_left@3x.png"; sourceTree = "<group>"; };
		5AA689F52459082F0049BCBE /* icon_right@3x.png */ = {isa = PBXFileReference; lastKnownFileType = image.png; path = "icon_right@3x.png"; sourceTree = "<group>"; };
		5AA689F62459082F0049BCBE /* jianpanshang@2x.png */ = {isa = PBXFileReference; lastKnownFileType = image.png; path = "jianpanshang@2x.png"; sourceTree = "<group>"; };
		5AA689F72459082F0049BCBE /* excsuojin@3x.png */ = {isa = PBXFileReference; lastKnownFileType = image.png; path = "excsuojin@3x.png"; sourceTree = "<group>"; };
		5AA689F82459082F0049BCBE /* Aamhover@2x.png */ = {isa = PBXFileReference; lastKnownFileType = image.png; path = "Aamhover@2x.png"; sourceTree = "<group>"; };
		5AA689F92459082F0049BCBE /* Aal@3x.png */ = {isa = PBXFileReference; lastKnownFileType = image.png; path = "Aal@3x.png"; sourceTree = "<group>"; };
		5AA689FA2459082F0049BCBE /* ziti@3x.png */ = {isa = PBXFileReference; lastKnownFileType = image.png; path = "ziti@3x.png"; sourceTree = "<group>"; };
		5AA689FB2459082F0049BCBE /* you@2x.png */ = {isa = PBXFileReference; lastKnownFileType = image.png; path = "you@2x.png"; sourceTree = "<group>"; };
		5AA689FC2459082F0049BCBE /* zuo@3x.png */ = {isa = PBXFileReference; lastKnownFileType = image.png; path = "zuo@3x.png"; sourceTree = "<group>"; };
		5AA689FD2459082F0049BCBE /* uHOVER@2x.png */ = {isa = PBXFileReference; lastKnownFileType = image.png; path = "uHOVER@2x.png"; sourceTree = "<group>"; };
		5AA689FE2459082F0049BCBE /* B@2x.png */ = {isa = PBXFileReference; lastKnownFileType = image.png; path = "B@2x.png"; sourceTree = "<group>"; };
		5AA689FF2459082F0049BCBE /* wuxuliebiaohover@3x.png */ = {isa = PBXFileReference; lastKnownFileType = image.png; path = "wuxuliebiaohover@3x.png"; sourceTree = "<group>"; };
		5AA68A002459082F0049BCBE /* wuxuliebiaohover@2x.png */ = {isa = PBXFileReference; lastKnownFileType = image.png; path = "wuxuliebiaohover@2x.png"; sourceTree = "<group>"; };
		5AA68A012459082F0049BCBE /* B@3x.png */ = {isa = PBXFileReference; lastKnownFileType = image.png; path = "B@3x.png"; sourceTree = "<group>"; };
		5AA68A022459082F0049BCBE /* cellRightArrow.png */ = {isa = PBXFileReference; lastKnownFileType = image.png; path = cellRightArrow.png; sourceTree = "<group>"; };
		5AA68A032459082F0049BCBE /* uHOVER@3x.png */ = {isa = PBXFileReference; lastKnownFileType = image.png; path = "uHOVER@3x.png"; sourceTree = "<group>"; };
		5AA68A042459082F0049BCBE /* zuo@2x.png */ = {isa = PBXFileReference; lastKnownFileType = image.png; path = "zuo@2x.png"; sourceTree = "<group>"; };
		5AA68A052459082F0049BCBE /* you@3x.png */ = {isa = PBXFileReference; lastKnownFileType = image.png; path = "you@3x.png"; sourceTree = "<group>"; };
		5AA68A062459082F0049BCBE /* ziti@2x.png */ = {isa = PBXFileReference; lastKnownFileType = image.png; path = "ziti@2x.png"; sourceTree = "<group>"; };
		5AA68A072459082F0049BCBE /* ZSSRichTextEditor.m */ = {isa = PBXFileReference; fileEncoding = 4; lastKnownFileType = sourcecode.c.objc; path = ZSSRichTextEditor.m; sourceTree = "<group>"; };
		5AA68A092459082F0049BCBE /* WKWebView+VJJSTool.h */ = {isa = PBXFileReference; fileEncoding = 4; lastKnownFileType = sourcecode.c.h; path = "WKWebView+VJJSTool.h"; sourceTree = "<group>"; };
		5AA68A0A2459082F0049BCBE /* UIControl+KWButtonExtension.h */ = {isa = PBXFileReference; fileEncoding = 4; lastKnownFileType = sourcecode.c.h; path = "UIControl+KWButtonExtension.h"; sourceTree = "<group>"; };
		5AA68A0B2459082F0049BCBE /* WKWebView+HackishAccessoryHiding.m */ = {isa = PBXFileReference; fileEncoding = 4; lastKnownFileType = sourcecode.c.objc; path = "WKWebView+HackishAccessoryHiding.m"; sourceTree = "<group>"; };
		5AA68A0C2459082F0049BCBE /* NSString+VJUUID.m */ = {isa = PBXFileReference; fileEncoding = 4; lastKnownFileType = sourcecode.c.objc; path = "NSString+VJUUID.m"; sourceTree = "<group>"; };
		5AA68A0D2459082F0049BCBE /* WKWebView+VJJSTool.m */ = {isa = PBXFileReference; fileEncoding = 4; lastKnownFileType = sourcecode.c.objc; path = "WKWebView+VJJSTool.m"; sourceTree = "<group>"; };
		5AA68A0E2459082F0049BCBE /* UIControl+KWButtonExtension.m */ = {isa = PBXFileReference; fileEncoding = 4; lastKnownFileType = sourcecode.c.objc; path = "UIControl+KWButtonExtension.m"; sourceTree = "<group>"; };
		5AA68A0F2459082F0049BCBE /* WKWebView+HackishAccessoryHiding.h */ = {isa = PBXFileReference; fileEncoding = 4; lastKnownFileType = sourcecode.c.h; path = "WKWebView+HackishAccessoryHiding.h"; sourceTree = "<group>"; };
		5AA68A102459082F0049BCBE /* NSString+VJUUID.h */ = {isa = PBXFileReference; fileEncoding = 4; lastKnownFileType = sourcecode.c.h; path = "NSString+VJUUID.h"; sourceTree = "<group>"; };
		5AA68A112459082F0049BCBE /* JSBeautifier.js */ = {isa = PBXFileReference; fileEncoding = 4; lastKnownFileType = sourcecode.javascript; path = JSBeautifier.js; sourceTree = "<group>"; };
		5AA68A122459082F0049BCBE /* jQuery.js */ = {isa = PBXFileReference; fileEncoding = 4; lastKnownFileType = sourcecode.javascript; path = jQuery.js; sourceTree = "<group>"; };
		5AB250622457DC5B00070EA7 /* YDRichTextEditor.app */ = {isa = PBXFileReference; explicitFileType = wrapper.application; includeInIndex = 0; path = YDRichTextEditor.app; sourceTree = BUILT_PRODUCTS_DIR; };
		5AB250652457DC5B00070EA7 /* AppDelegate.swift */ = {isa = PBXFileReference; lastKnownFileType = sourcecode.swift; path = AppDelegate.swift; sourceTree = "<group>"; };
		5AB250672457DC5B00070EA7 /* SceneDelegate.swift */ = {isa = PBXFileReference; lastKnownFileType = sourcecode.swift; path = SceneDelegate.swift; sourceTree = "<group>"; };
		5AB250692457DC5B00070EA7 /* ViewController.swift */ = {isa = PBXFileReference; lastKnownFileType = sourcecode.swift; path = ViewController.swift; sourceTree = "<group>"; };
		5AB2506C2457DC5B00070EA7 /* Base */ = {isa = PBXFileReference; lastKnownFileType = file.storyboard; name = Base; path = Base.lproj/Main.storyboard; sourceTree = "<group>"; };
		5AB2506E2457DC5C00070EA7 /* Assets.xcassets */ = {isa = PBXFileReference; lastKnownFileType = folder.assetcatalog; path = Assets.xcassets; sourceTree = "<group>"; };
		5AB250712457DC5C00070EA7 /* Base */ = {isa = PBXFileReference; lastKnownFileType = file.storyboard; name = Base; path = Base.lproj/LaunchScreen.storyboard; sourceTree = "<group>"; };
		5AB250732457DC5C00070EA7 /* Info.plist */ = {isa = PBXFileReference; lastKnownFileType = text.plist.xml; path = Info.plist; sourceTree = "<group>"; };
		5AB250FE2457DEFF00070EA7 /* YDRichTextEditor-Bridging-Header.h */ = {isa = PBXFileReference; lastKnownFileType = sourcecode.c.h; path = "YDRichTextEditor-Bridging-Header.h"; sourceTree = "<group>"; };
		5AEE11052468D896009BEEA5 /* RichEditorView.swift */ = {isa = PBXFileReference; lastKnownFileType = sourcecode.swift; path = RichEditorView.swift; sourceTree = "<group>"; };
		5AEE11072468D97C009BEEA5 /* WKWebView+AccessoryHiding.h */ = {isa = PBXFileReference; lastKnownFileType = sourcecode.c.h; path = "WKWebView+AccessoryHiding.h"; sourceTree = "<group>"; };
		5AEE11082468D97C009BEEA5 /* WKWebView+AccessoryHiding.m */ = {isa = PBXFileReference; lastKnownFileType = sourcecode.c.objc; path = "WKWebView+AccessoryHiding.m"; sourceTree = "<group>"; };
/* End PBXFileReference section */

/* Begin PBXFrameworksBuildPhase section */
		5AB2505F2457DC5B00070EA7 /* Frameworks */ = {
			isa = PBXFrameworksBuildPhase;
			buildActionMask = 2147483647;
			files = (
			);
			runOnlyForDeploymentPostprocessing = 0;
		};
/* End PBXFrameworksBuildPhase section */

/* Begin PBXGroup section */
		5AA689BF2459082F0049BCBE /* RichTextEditor */ = {
			isa = PBXGroup;
			children = (
				5AA689C22459082F0049BCBE /* RichToolBar */,
				5AA689C92459082F0049BCBE /* image */,
				5AA68A082459082F0049BCBE /* VJCategory */,
				5AA689C12459082F0049BCBE /* ZSSRichTextEditor.h */,
				5AA68A072459082F0049BCBE /* ZSSRichTextEditor.m */,
				5AA689C02459082F0049BCBE /* ZSSRichTextEditor.js */,
				5AA68A122459082F0049BCBE /* jQuery.js */,
				5AA68A112459082F0049BCBE /* JSBeautifier.js */,
				5AA689C82459082F0049BCBE /* editor.html */,
			);
			path = RichTextEditor;
			sourceTree = "<group>";
		};
		5AA689C22459082F0049BCBE /* RichToolBar */ = {
			isa = PBXGroup;
			children = (
				5AA689C42459082F0049BCBE /* KWEditorBar.h */,
				5AA689C72459082F0049BCBE /* KWEditorBar.m */,
				5AA689C52459082F0049BCBE /* KWEditorBar.xib */,
				5AA689C32459082F0049BCBE /* KWFontStyleBar.h */,
				5AA689C62459082F0049BCBE /* KWFontStyleBar.m */,
				5A96AB33245A75850057AD3F /* EditorStyleToolBar.h */,
				5A96AB34245A75850057AD3F /* EditorStyleToolBar.m */,
				5A86C36A24615CFB007CBD28 /* EditorSettingBar.h */,
				5A86C36B24615CFB007CBD28 /* EditorSettingBar.m */,
			);
			path = RichToolBar;
			sourceTree = "<group>";
		};
		5AA689C92459082F0049BCBE /* image */ = {
			isa = PBXGroup;
			children = (
				5AA689CA2459082F0049BCBE /* Aashover@2x.png */,
				5AA689CB2459082F0049BCBE /* Aalhover@2x.png */,
				5AA689CC2459082F0049BCBE /* wuxuliebiao@2x.png */,
				5AA689CD2459082F0049BCBE /* ziti_hover@2x.png */,
				5AA689CE2459082F0049BCBE /* lianjie@3x.png */,
				5AA689CF2459082F0049BCBE /* Aam@2x.png */,
				5AA689D02459082F0049BCBE /* jianpanxia@3x.png */,
				5AA689D12459082F0049BCBE /* zhong@3x.png */,
				5AA689D22459082F0049BCBE /* I@2x.png */,
				5AA689D32459082F0049BCBE /* I@3x.png */,
				5AA689D42459082F0049BCBE /* zhong@2x.png */,
				5AA689D52459082F0049BCBE /* Aam@3x.png */,
				5AA689D62459082F0049BCBE /* jianpanxia@2x.png */,
				5AA689D72459082F0049BCBE /* lianjie@2x.png */,
				5AA689D82459082F0049BCBE /* ziti_hover@3x.png */,
				5AA689D92459082F0049BCBE /* wuxuliebiao@3x.png */,
				5AA689DA2459082F0049BCBE /* Aalhover@3x.png */,
				5AA689DB2459082F0049BCBE /* u@3x.png */,
				5AA689DC2459082F0049BCBE /* chongzuo@2x.png */,
				5AA689DD2459082F0049BCBE /* suojin@3x.png */,
				5AA689DE2459082F0049BCBE /* Aas@2x.png */,
				5AA689DF2459082F0049BCBE /* BHOVER@3x.png */,
				5AA689E02459082F0049BCBE /* tupian@3x.png */,
				5AA689E12459082F0049BCBE /* tool_tab@3x.png */,
				5AA689E22459082F0049BCBE /* tool_tab@2x.png */,
				5AA689E32459082F0049BCBE /* tupian@2x.png */,
				5AA689E42459082F0049BCBE /* BHOVER@2x.png */,
				5AA689E52459082F0049BCBE /* Aas@3x.png */,
				5AA689E62459082F0049BCBE /* suojin@2x.png */,
				5AA689E72459082F0049BCBE /* chongzuo@3x.png */,
				5AA689E82459082F0049BCBE /* u@2x.png */,
				5AA689E92459082F0049BCBE /* Aal@2x.png */,
				5AA689EA2459082F0049BCBE /* Aamhover@3x.png */,
				5AA689EB2459082F0049BCBE /* excsuojin@2x.png */,
				5AA689EC2459082F0049BCBE /* jianpanshang@3x.png */,
				5AA689ED2459082F0049BCBE /* icon_right@2x.png */,
				5AA689EE2459082F0049BCBE /* icon_left@2x.png */,
				5AA689EF2459082F0049BCBE /* chexiao@2x.png */,
				5AA689F02459082F0049BCBE /* IHOVER@3x.png */,
				5AA689F12459082F0049BCBE /* IHOVER@2x.png */,
				5AA689F22459082F0049BCBE /* chexiao@3x.png */,
				5AA689F32459082F0049BCBE /* Aashover @3x.png */,
				5AA689F42459082F0049BCBE /* icon_left@3x.png */,
				5AA689F52459082F0049BCBE /* icon_right@3x.png */,
				5AA689F62459082F0049BCBE /* jianpanshang@2x.png */,
				5AA689F72459082F0049BCBE /* excsuojin@3x.png */,
				5AA689F82459082F0049BCBE /* Aamhover@2x.png */,
				5AA689F92459082F0049BCBE /* Aal@3x.png */,
				5AA689FA2459082F0049BCBE /* ziti@3x.png */,
				5AA689FB2459082F0049BCBE /* you@2x.png */,
				5AA689FC2459082F0049BCBE /* zuo@3x.png */,
				5AA689FD2459082F0049BCBE /* uHOVER@2x.png */,
				5AA689FE2459082F0049BCBE /* B@2x.png */,
				5AA689FF2459082F0049BCBE /* wuxuliebiaohover@3x.png */,
				5AA68A002459082F0049BCBE /* wuxuliebiaohover@2x.png */,
				5AA68A012459082F0049BCBE /* B@3x.png */,
				5AA68A022459082F0049BCBE /* cellRightArrow.png */,
				5AA68A032459082F0049BCBE /* uHOVER@3x.png */,
				5AA68A042459082F0049BCBE /* zuo@2x.png */,
				5AA68A052459082F0049BCBE /* you@3x.png */,
				5AA68A062459082F0049BCBE /* ziti@2x.png */,
			);
			path = image;
			sourceTree = "<group>";
		};
		5AA68A082459082F0049BCBE /* VJCategory */ = {
			isa = PBXGroup;
			children = (
				5AA68A0A2459082F0049BCBE /* UIControl+KWButtonExtension.h */,
				5AA68A0E2459082F0049BCBE /* UIControl+KWButtonExtension.m */,
				5AA68A0F2459082F0049BCBE /* WKWebView+HackishAccessoryHiding.h */,
				5AA68A0B2459082F0049BCBE /* WKWebView+HackishAccessoryHiding.m */,
				5AA68A092459082F0049BCBE /* WKWebView+VJJSTool.h */,
				5AA68A0D2459082F0049BCBE /* WKWebView+VJJSTool.m */,
				5AA68A102459082F0049BCBE /* NSString+VJUUID.h */,
				5AA68A0C2459082F0049BCBE /* NSString+VJUUID.m */,
			);
			path = VJCategory;
			sourceTree = "<group>";
		};
		5AB250592457DC5B00070EA7 = {
			isa = PBXGroup;
			children = (
				5AB250642457DC5B00070EA7 /* YDRichTextEditor */,
				5AB250632457DC5B00070EA7 /* Products */,
			);
			sourceTree = "<group>";
		};
		5AB250632457DC5B00070EA7 /* Products */ = {
			isa = PBXGroup;
			children = (
				5AB250622457DC5B00070EA7 /* YDRichTextEditor.app */,
			);
			name = Products;
			sourceTree = "<group>";
		};
		5AB250642457DC5B00070EA7 /* YDRichTextEditor */ = {
			isa = PBXGroup;
			children = (
				5AA689BF2459082F0049BCBE /* RichTextEditor */,
				5AB250652457DC5B00070EA7 /* AppDelegate.swift */,
				5AB250672457DC5B00070EA7 /* SceneDelegate.swift */,
				5AB250692457DC5B00070EA7 /* ViewController.swift */,
				5AEE11052468D896009BEEA5 /* RichEditorView.swift */,
				5AEE11072468D97C009BEEA5 /* WKWebView+AccessoryHiding.h */,
				5AEE11082468D97C009BEEA5 /* WKWebView+AccessoryHiding.m */,
				5AB2506B2457DC5B00070EA7 /* Main.storyboard */,
				5AB2506E2457DC5C00070EA7 /* Assets.xcassets */,
				5AB250702457DC5C00070EA7 /* LaunchScreen.storyboard */,
				5AB250732457DC5C00070EA7 /* Info.plist */,
				5AB250FE2457DEFF00070EA7 /* YDRichTextEditor-Bridging-Header.h */,
			);
			path = YDRichTextEditor;
			sourceTree = "<group>";
		};
/* End PBXGroup section */

/* Begin PBXNativeTarget section */
		5AB250612457DC5B00070EA7 /* YDRichTextEditor */ = {
			isa = PBXNativeTarget;
			buildConfigurationList = 5AB250762457DC5C00070EA7 /* Build configuration list for PBXNativeTarget "YDRichTextEditor" */;
			buildPhases = (
				5AB2505E2457DC5B00070EA7 /* Sources */,
				5AB2505F2457DC5B00070EA7 /* Frameworks */,
				5AB250602457DC5B00070EA7 /* Resources */,
			);
			buildRules = (
			);
			dependencies = (
			);
			name = YDRichTextEditor;
			productName = YDRichTextEditor;
			productReference = 5AB250622457DC5B00070EA7 /* YDRichTextEditor.app */;
			productType = "com.apple.product-type.application";
		};
/* End PBXNativeTarget section */

/* Begin PBXProject section */
		5AB2505A2457DC5B00070EA7 /* Project object */ = {
			isa = PBXProject;
			attributes = {
				LastSwiftUpdateCheck = 1140;
				LastUpgradeCheck = 1140;
				ORGANIZATIONNAME = "Sida Liu";
				TargetAttributes = {
					5AB250612457DC5B00070EA7 = {
						CreatedOnToolsVersion = 11.4.1;
						LastSwiftMigration = 1140;
					};
				};
			};
			buildConfigurationList = 5AB2505D2457DC5B00070EA7 /* Build configuration list for PBXProject "YDRichTextEditor" */;
			compatibilityVersion = "Xcode 9.3";
			developmentRegion = en;
			hasScannedForEncodings = 0;
			knownRegions = (
				en,
				Base,
			);
			mainGroup = 5AB250592457DC5B00070EA7;
			productRefGroup = 5AB250632457DC5B00070EA7 /* Products */;
			projectDirPath = "";
			projectRoot = "";
			targets = (
				5AB250612457DC5B00070EA7 /* YDRichTextEditor */,
			);
		};
/* End PBXProject section */

/* Begin PBXResourcesBuildPhase section */
		5AB250602457DC5B00070EA7 /* Resources */ = {
			isa = PBXResourcesBuildPhase;
			buildActionMask = 2147483647;
			files = (
				5AB250722457DC5C00070EA7 /* LaunchScreen.storyboard in Resources */,
				5AA68A422459082F0049BCBE /* icon_left@3x.png in Resources */,
				5AA68A2D2459082F0049BCBE /* BHOVER@3x.png in Resources */,
				5AA68A302459082F0049BCBE /* tool_tab@2x.png in Resources */,
				5AA68A232459082F0049BCBE /* Aam@3x.png in Resources */,
				5AA68A522459082F0049BCBE /* zuo@2x.png in Resources */,
				5AA68A172459082F0049BCBE /* editor.html in Resources */,
				5AA68A4C2459082F0049BCBE /* B@2x.png in Resources */,
				5AA68A3E2459082F0049BCBE /* IHOVER@3x.png in Resources */,
				5AA68A372459082F0049BCBE /* Aal@2x.png in Resources */,
				5AA68A252459082F0049BCBE /* lianjie@2x.png in Resources */,
				5AA68A352459082F0049BCBE /* chongzuo@3x.png in Resources */,
				5AA68A452459082F0049BCBE /* excsuojin@3x.png in Resources */,
				5AA68A132459082F0049BCBE /* ZSSRichTextEditor.js in Resources */,
				5AA68A342459082F0049BCBE /* suojin@2x.png in Resources */,
				5AA68A5A2459082F0049BCBE /* JSBeautifier.js in Resources */,
				5AA68A2C2459082F0049BCBE /* Aas@2x.png in Resources */,
				5AA68A432459082F0049BCBE /* icon_right@3x.png in Resources */,
				5AA68A542459082F0049BCBE /* ziti@2x.png in Resources */,
				5AA68A2F2459082F0049BCBE /* tool_tab@3x.png in Resources */,
				5AA68A1C2459082F0049BCBE /* lianjie@3x.png in Resources */,
				5AA68A532459082F0049BCBE /* you@3x.png in Resources */,
				5AA68A282459082F0049BCBE /* Aalhover@3x.png in Resources */,
				5AA68A332459082F0049BCBE /* Aas@3x.png in Resources */,
				5AB2506F2457DC5C00070EA7 /* Assets.xcassets in Resources */,
				5AA68A492459082F0049BCBE /* you@2x.png in Resources */,
				5AA68A3A2459082F0049BCBE /* jianpanshang@3x.png in Resources */,
				5AA68A362459082F0049BCBE /* u@2x.png in Resources */,
				5AA68A4B2459082F0049BCBE /* uHOVER@2x.png in Resources */,
				5AA68A2E2459082F0049BCBE /* tupian@3x.png in Resources */,
				5AA68A242459082F0049BCBE /* jianpanxia@2x.png in Resources */,
				5AA68A4D2459082F0049BCBE /* wuxuliebiaohover@3x.png in Resources */,
				5AA68A502459082F0049BCBE /* cellRightArrow.png in Resources */,
				5AA68A142459082F0049BCBE /* KWEditorBar.xib in Resources */,
				5AA68A1D2459082F0049BCBE /* Aam@2x.png in Resources */,
				5AA68A392459082F0049BCBE /* excsuojin@2x.png in Resources */,
				5AA68A2A2459082F0049BCBE /* chongzuo@2x.png in Resources */,
				5AA68A292459082F0049BCBE /* u@3x.png in Resources */,
				5AA68A1A2459082F0049BCBE /* wuxuliebiao@2x.png in Resources */,
				5AA68A3B2459082F0049BCBE /* icon_right@2x.png in Resources */,
				5AA68A512459082F0049BCBE /* uHOVER@3x.png in Resources */,
				5AA68A462459082F0049BCBE /* Aamhover@2x.png in Resources */,
				5AB2506D2457DC5B00070EA7 /* Main.storyboard in Resources */,
				5AA68A3F2459082F0049BCBE /* IHOVER@2x.png in Resources */,
				5AA68A4F2459082F0049BCBE /* B@3x.png in Resources */,
				5AA68A3D2459082F0049BCBE /* chexiao@2x.png in Resources */,
				5AA68A2B2459082F0049BCBE /* suojin@3x.png in Resources */,
				5AA68A4E2459082F0049BCBE /* wuxuliebiaohover@2x.png in Resources */,
				5AA68A192459082F0049BCBE /* Aalhover@2x.png in Resources */,
				5AA68A5B2459082F0049BCBE /* jQuery.js in Resources */,
				5AA68A482459082F0049BCBE /* ziti@3x.png in Resources */,
				5AA68A1F2459082F0049BCBE /* zhong@3x.png in Resources */,
				5AA68A182459082F0049BCBE /* Aashover@2x.png in Resources */,
				5AA68A262459082F0049BCBE /* ziti_hover@3x.png in Resources */,
				5AA68A4A2459082F0049BCBE /* zuo@3x.png in Resources */,
				5AA68A322459082F0049BCBE /* BHOVER@2x.png in Resources */,
				5AA68A272459082F0049BCBE /* wuxuliebiao@3x.png in Resources */,
				5AA68A382459082F0049BCBE /* Aamhover@3x.png in Resources */,
				5AA68A412459082F0049BCBE /* Aashover @3x.png in Resources */,
				5AA68A442459082F0049BCBE /* jianpanshang@2x.png in Resources */,
				5AA68A202459082F0049BCBE /* I@2x.png in Resources */,
				5AA68A472459082F0049BCBE /* Aal@3x.png in Resources */,
				5AA68A312459082F0049BCBE /* tupian@2x.png in Resources */,
				5AA68A1B2459082F0049BCBE /* ziti_hover@2x.png in Resources */,
				5AA68A1E2459082F0049BCBE /* jianpanxia@3x.png in Resources */,
				5AA68A212459082F0049BCBE /* I@3x.png in Resources */,
				5AA68A402459082F0049BCBE /* chexiao@3x.png in Resources */,
				5AA68A3C2459082F0049BCBE /* icon_left@2x.png in Resources */,
				5AA68A222459082F0049BCBE /* zhong@2x.png in Resources */,
			);
			runOnlyForDeploymentPostprocessing = 0;
		};
/* End PBXResourcesBuildPhase section */

/* Begin PBXSourcesBuildPhase section */
		5AB2505E2457DC5B00070EA7 /* Sources */ = {
			isa = PBXSourcesBuildPhase;
			buildActionMask = 2147483647;
			files = (
				5AB2506A2457DC5B00070EA7 /* ViewController.swift in Sources */,
				5AB250662457DC5B00070EA7 /* AppDelegate.swift in Sources */,
				5A96AB35245A75850057AD3F /* EditorStyleToolBar.m in Sources */,
				5A86C36C24615CFB007CBD28 /* EditorSettingBar.m in Sources */,
				5AA68A582459082F0049BCBE /* WKWebView+VJJSTool.m in Sources */,
				5AEE11092468D97C009BEEA5 /* WKWebView+AccessoryHiding.m in Sources */,
				5AEE11062468D896009BEEA5 /* RichEditorView.swift in Sources */,
				5AA68A552459082F0049BCBE /* ZSSRichTextEditor.m in Sources */,
				5AA68A152459082F0049BCBE /* KWFontStyleBar.m in Sources */,
				5AA68A562459082F0049BCBE /* WKWebView+HackishAccessoryHiding.m in Sources */,
				5AA68A162459082F0049BCBE /* KWEditorBar.m in Sources */,
				5AA68A592459082F0049BCBE /* UIControl+KWButtonExtension.m in Sources */,
				5AA68A572459082F0049BCBE /* NSString+VJUUID.m in Sources */,
				5AB250682457DC5B00070EA7 /* SceneDelegate.swift in Sources */,
			);
			runOnlyForDeploymentPostprocessing = 0;
		};
/* End PBXSourcesBuildPhase section */

/* Begin PBXVariantGroup section */
		5AB2506B2457DC5B00070EA7 /* Main.storyboard */ = {
			isa = PBXVariantGroup;
			children = (
				5AB2506C2457DC5B00070EA7 /* Base */,
			);
			name = Main.storyboard;
			sourceTree = "<group>";
		};
		5AB250702457DC5C00070EA7 /* LaunchScreen.storyboard */ = {
			isa = PBXVariantGroup;
			children = (
				5AB250712457DC5C00070EA7 /* Base */,
			);
			name = LaunchScreen.storyboard;
			sourceTree = "<group>";
		};
/* End PBXVariantGroup section */

/* Begin XCBuildConfiguration section */
		5AB250742457DC5C00070EA7 /* Debug */ = {
			isa = XCBuildConfiguration;
			buildSettings = {
				ALWAYS_SEARCH_USER_PATHS = NO;
				CLANG_ANALYZER_NONNULL = YES;
				CLANG_ANALYZER_NUMBER_OBJECT_CONVERSION = YES_AGGRESSIVE;
				CLANG_CXX_LANGUAGE_STANDARD = "gnu++14";
				CLANG_CXX_LIBRARY = "libc++";
				CLANG_ENABLE_MODULES = YES;
				CLANG_ENABLE_OBJC_ARC = YES;
				CLANG_ENABLE_OBJC_WEAK = YES;
				CLANG_WARN_BLOCK_CAPTURE_AUTORELEASING = YES;
				CLANG_WARN_BOOL_CONVERSION = YES;
				CLANG_WARN_COMMA = YES;
				CLANG_WARN_CONSTANT_CONVERSION = YES;
				CLANG_WARN_DEPRECATED_OBJC_IMPLEMENTATIONS = YES;
				CLANG_WARN_DIRECT_OBJC_ISA_USAGE = YES_ERROR;
				CLANG_WARN_DOCUMENTATION_COMMENTS = YES;
				CLANG_WARN_EMPTY_BODY = YES;
				CLANG_WARN_ENUM_CONVERSION = YES;
				CLANG_WARN_INFINITE_RECURSION = YES;
				CLANG_WARN_INT_CONVERSION = YES;
				CLANG_WARN_NON_LITERAL_NULL_CONVERSION = YES;
				CLANG_WARN_OBJC_IMPLICIT_RETAIN_SELF = YES;
				CLANG_WARN_OBJC_LITERAL_CONVERSION = YES;
				CLANG_WARN_OBJC_ROOT_CLASS = YES_ERROR;
				CLANG_WARN_RANGE_LOOP_ANALYSIS = YES;
				CLANG_WARN_STRICT_PROTOTYPES = YES;
				CLANG_WARN_SUSPICIOUS_MOVE = YES;
				CLANG_WARN_UNGUARDED_AVAILABILITY = YES_AGGRESSIVE;
				CLANG_WARN_UNREACHABLE_CODE = YES;
				CLANG_WARN__DUPLICATE_METHOD_MATCH = YES;
				COPY_PHASE_STRIP = NO;
				DEBUG_INFORMATION_FORMAT = dwarf;
				ENABLE_STRICT_OBJC_MSGSEND = YES;
				ENABLE_TESTABILITY = YES;
				GCC_C_LANGUAGE_STANDARD = gnu11;
				GCC_DYNAMIC_NO_PIC = NO;
				GCC_NO_COMMON_BLOCKS = YES;
				GCC_OPTIMIZATION_LEVEL = 0;
				GCC_PREPROCESSOR_DEFINITIONS = (
					"DEBUG=1",
					"$(inherited)",
				);
				GCC_WARN_64_TO_32_BIT_CONVERSION = YES;
				GCC_WARN_ABOUT_RETURN_TYPE = YES_ERROR;
				GCC_WARN_UNDECLARED_SELECTOR = YES;
				GCC_WARN_UNINITIALIZED_AUTOS = YES_AGGRESSIVE;
				GCC_WARN_UNUSED_FUNCTION = YES;
				GCC_WARN_UNUSED_VARIABLE = YES;
				IPHONEOS_DEPLOYMENT_TARGET = 13.4;
				MTL_ENABLE_DEBUG_INFO = INCLUDE_SOURCE;
				MTL_FAST_MATH = YES;
				ONLY_ACTIVE_ARCH = YES;
				SDKROOT = iphoneos;
				SWIFT_ACTIVE_COMPILATION_CONDITIONS = DEBUG;
				SWIFT_OPTIMIZATION_LEVEL = "-Onone";
			};
			name = Debug;
		};
		5AB250752457DC5C00070EA7 /* Release */ = {
			isa = XCBuildConfiguration;
			buildSettings = {
				ALWAYS_SEARCH_USER_PATHS = NO;
				CLANG_ANALYZER_NONNULL = YES;
				CLANG_ANALYZER_NUMBER_OBJECT_CONVERSION = YES_AGGRESSIVE;
				CLANG_CXX_LANGUAGE_STANDARD = "gnu++14";
				CLANG_CXX_LIBRARY = "libc++";
				CLANG_ENABLE_MODULES = YES;
				CLANG_ENABLE_OBJC_ARC = YES;
				CLANG_ENABLE_OBJC_WEAK = YES;
				CLANG_WARN_BLOCK_CAPTURE_AUTORELEASING = YES;
				CLANG_WARN_BOOL_CONVERSION = YES;
				CLANG_WARN_COMMA = YES;
				CLANG_WARN_CONSTANT_CONVERSION = YES;
				CLANG_WARN_DEPRECATED_OBJC_IMPLEMENTATIONS = YES;
				CLANG_WARN_DIRECT_OBJC_ISA_USAGE = YES_ERROR;
				CLANG_WARN_DOCUMENTATION_COMMENTS = YES;
				CLANG_WARN_EMPTY_BODY = YES;
				CLANG_WARN_ENUM_CONVERSION = YES;
				CLANG_WARN_INFINITE_RECURSION = YES;
				CLANG_WARN_INT_CONVERSION = YES;
				CLANG_WARN_NON_LITERAL_NULL_CONVERSION = YES;
				CLANG_WARN_OBJC_IMPLICIT_RETAIN_SELF = YES;
				CLANG_WARN_OBJC_LITERAL_CONVERSION = YES;
				CLANG_WARN_OBJC_ROOT_CLASS = YES_ERROR;
				CLANG_WARN_RANGE_LOOP_ANALYSIS = YES;
				CLANG_WARN_STRICT_PROTOTYPES = YES;
				CLANG_WARN_SUSPICIOUS_MOVE = YES;
				CLANG_WARN_UNGUARDED_AVAILABILITY = YES_AGGRESSIVE;
				CLANG_WARN_UNREACHABLE_CODE = YES;
				CLANG_WARN__DUPLICATE_METHOD_MATCH = YES;
				COPY_PHASE_STRIP = NO;
				DEBUG_INFORMATION_FORMAT = "dwarf-with-dsym";
				ENABLE_NS_ASSERTIONS = NO;
				ENABLE_STRICT_OBJC_MSGSEND = YES;
				GCC_C_LANGUAGE_STANDARD = gnu11;
				GCC_NO_COMMON_BLOCKS = YES;
				GCC_WARN_64_TO_32_BIT_CONVERSION = YES;
				GCC_WARN_ABOUT_RETURN_TYPE = YES_ERROR;
				GCC_WARN_UNDECLARED_SELECTOR = YES;
				GCC_WARN_UNINITIALIZED_AUTOS = YES_AGGRESSIVE;
				GCC_WARN_UNUSED_FUNCTION = YES;
				GCC_WARN_UNUSED_VARIABLE = YES;
				IPHONEOS_DEPLOYMENT_TARGET = 13.4;
				MTL_ENABLE_DEBUG_INFO = NO;
				MTL_FAST_MATH = YES;
				SDKROOT = iphoneos;
				SWIFT_COMPILATION_MODE = wholemodule;
				SWIFT_OPTIMIZATION_LEVEL = "-O";
				VALIDATE_PRODUCT = YES;
			};
			name = Release;
		};
		5AB250772457DC5C00070EA7 /* Debug */ = {
			isa = XCBuildConfiguration;
			buildSettings = {
				ASSETCATALOG_COMPILER_APPICON_NAME = AppIcon;
				CLANG_ENABLE_MODULES = YES;
				CODE_SIGN_STYLE = Automatic;
				DEVELOPMENT_TEAM = PXX7862RHX;
				INFOPLIST_FILE = YDRichTextEditor/Info.plist;
				IPHONEOS_DEPLOYMENT_TARGET = 12.0;
				LD_RUNPATH_SEARCH_PATHS = (
					"$(inherited)",
					"@executable_path/Frameworks",
				);
				PRODUCT_BUNDLE_IDENTIFIER = com.yingda.YDRichTextEditor;
				PRODUCT_NAME = "$(TARGET_NAME)";
				SWIFT_OBJC_BRIDGING_HEADER = "YDRichTextEditor/YDRichTextEditor-Bridging-Header.h";
				SWIFT_OPTIMIZATION_LEVEL = "-Onone";
				SWIFT_VERSION = 5.0;
				TARGETED_DEVICE_FAMILY = "1,2";
			};
			name = Debug;
		};
		5AB250782457DC5C00070EA7 /* Release */ = {
			isa = XCBuildConfiguration;
			buildSettings = {
				ASSETCATALOG_COMPILER_APPICON_NAME = AppIcon;
				CLANG_ENABLE_MODULES = YES;
				CODE_SIGN_STYLE = Automatic;
				DEVELOPMENT_TEAM = PXX7862RHX;
				INFOPLIST_FILE = YDRichTextEditor/Info.plist;
				IPHONEOS_DEPLOYMENT_TARGET = 12.0;
				LD_RUNPATH_SEARCH_PATHS = (
					"$(inherited)",
					"@executable_path/Frameworks",
				);
				PRODUCT_BUNDLE_IDENTIFIER = com.yingda.YDRichTextEditor;
				PRODUCT_NAME = "$(TARGET_NAME)";
				SWIFT_OBJC_BRIDGING_HEADER = "YDRichTextEditor/YDRichTextEditor-Bridging-Header.h";
				SWIFT_VERSION = 5.0;
				TARGETED_DEVICE_FAMILY = "1,2";
			};
			name = Release;
		};
/* End XCBuildConfiguration section */

/* Begin XCConfigurationList section */
		5AB2505D2457DC5B00070EA7 /* Build configuration list for PBXProject "YDRichTextEditor" */ = {
			isa = XCConfigurationList;
			buildConfigurations = (
				5AB250742457DC5C00070EA7 /* Debug */,
				5AB250752457DC5C00070EA7 /* Release */,
			);
			defaultConfigurationIsVisible = 0;
			defaultConfigurationName = Release;
		};
		5AB250762457DC5C00070EA7 /* Build configuration list for PBXNativeTarget "YDRichTextEditor" */ = {
			isa = XCConfigurationList;
			buildConfigurations = (
				5AB250772457DC5C00070EA7 /* Debug */,
				5AB250782457DC5C00070EA7 /* Release */,
			);
			defaultConfigurationIsVisible = 0;
			defaultConfigurationName = Release;
		};
/* End XCConfigurationList section */
	};
	rootObject = 5AB2505A2457DC5B00070EA7 /* Project object */;
}
